
Microsoft Visual Studio Solution File, Format Version 12.00
# Visual Studio Version 16
VisualStudioVersion = 16.0.31515.178
MinimumVisualStudioVersion = 10.0.40219.1
Project("{FAE04EC0-301F-11D3-BF4B-00C04F79EFBC}") = "SampleWebSender", "SampleWebSender\SampleWebSender.csproj", "{932753CE-F41E-4950-A8FC-C2F5960DC58F}"
EndProject
Project("{FAE04EC0-301F-11D3-BF4B-00C04F79EFBC}") = "SampleShared", "SampleShared\SampleShared.csproj", "{D60494F1-9040-4A2E-9CA3-686D4058F4C5}"
EndProject
Project("{FAE04EC0-301F-11D3-BF4B-00C04F79EFBC}") = "SampleAppReceiver", "SampleAppReceiver\SampleAppReceiver.csproj", "{3BB816F3-C5D5-4D3A-A604-641C186406ED}"
EndProject
Global
	GlobalSection(SolutionConfigurationPlatforms) = preSolution
		Debug|Any CPU = Debug|Any CPU
		Release|Any CPU = Release|Any CPU
	EndGlobalSection
	GlobalSection(ProjectConfigurationPlatforms) = postSolution
		{932753CE-F41E-4950-A8FC-C2F5960DC58F}.Debug|Any CPU.ActiveCfg = Debug|Any CPU
		{932753CE-F41E-4950-A8FC-C2F5960DC58F}.Debug|Any CPU.Build.0 = Debug|Any CPU
		{932753CE-F41E-4950-A8FC-C2F5960DC58F}.Release|Any CPU.ActiveCfg = Release|Any CPU
		{932753CE-F41E-4950-A8FC-C2F5960DC58F}.Release|Any CPU.Build.0 = Release|Any CPU
		{D60494F1-9040-4A2E-9CA3-686D4058F4C5}.Debug|Any CPU.ActiveCfg = Debug|Any CPU
		{D60494F1-9040-4A2E-9CA3-686D4058F4C5}.Debug|Any CPU.Build.0 = Debug|Any CPU
		{D60494F1-9040-4A2E-9CA3-686D4058F4C5}.Release|Any CPU.ActiveCfg = Release|Any CPU
		{D60494F1-9040-4A2E-9CA3-686D4058F4C5}.Release|Any CPU.Build.0 = Release|Any CPU
		{3BB816F3-C5D5-4D3A-A604-641C186406ED}.Debug|Any CPU.ActiveCfg = Debug|Any CPU
		{3BB816F3-C5D5-4D3A-A604-641C186406ED}.Debug|Any CPU.Build.0 = Debug|Any CPU
		{3BB816F3-C5D5-4D3A-A604-641C186406ED}.Release|Any CPU.ActiveCfg = Release|Any CPU
		{3BB816F3-C5D5-4D3A-A604-641C186406ED}.Release|Any CPU.Build.0 = Release|Any CPU
	EndGlobalSection
	GlobalSection(SolutionProperties) = preSolution
		HideSolutionNode = FALSE
	EndGlobalSection
	GlobalSection(ExtensibilityGlobals) = postSolution
		SolutionGuid = {09483F52-CBEA-4FDC-BA2A-1FEDFFC2D3FD}
	EndGlobalSection
EndGlobal
